
Microsoft Visual Studio Solution File, Format Version 12.00
# Visual Studio 15
VisualStudioVersion = 15.0.28307.421
MinimumVisualStudioVersion = 10.0.40219.1
Project("{FAE04EC0-301F-11D3-BF4B-00C04F79EFBC}") = "nesne proje2", "nesne proje2\nesne proje2.csproj", "{A3BF77A3-92EA-4EC0-9A9B-FF23F357F751}"
EndProject
Global
	GlobalSection(SolutionConfigurationPlatforms) = preSolution
		Debug|Any CPU = Debug|Any CPU
		Release|Any CPU = Release|Any CPU
	EndGlobalSection
	GlobalSection(ProjectConfigurationPlatforms) = postSolution
		{A3BF77A3-92EA-4EC0-9A9B-FF23F357F751}.Debug|Any CPU.ActiveCfg = Debug|Any CPU
		{A3BF77A3-92EA-4EC0-9A9B-FF23F357F751}.Debug|Any CPU.Build.0 = Debug|Any CPU
		{A3BF77A3-92EA-4EC0-9A9B-FF23F357F751}.Release|Any CPU.ActiveCfg = Release|Any CPU
		{A3BF77A3-92EA-4EC0-9A9B-FF23F357F751}.Release|Any CPU.Build.0 = Release|Any CPU
	EndGlobalSection
	GlobalSection(SolutionProperties) = preSolution
		HideSolutionNode = FALSE
	EndGlobalSection
	GlobalSection(ExtensibilityGlobals) = postSolution
		SolutionGuid = {C26347F7-49DF-4F33-8CF7-44910564339B}
	EndGlobalSection
EndGlobal
